// !$*UTF8*$!
{
	archiveVersion = 1;
	classes = {
	};
	objectVersion = 46;
	objects = {

/* Begin PBXBuildFile section */
		2A6A231C1BD095A800ED0706 /* AppDelegate.swift in Sources */ = {isa = PBXBuildFile; fileRef = 2A6A231B1BD095A800ED0706 /* AppDelegate.swift */; };
		2A6A23211BD095A800ED0706 /* Main.storyboard in Resources */ = {isa = PBXBuildFile; fileRef = 2A6A231F1BD095A800ED0706 /* Main.storyboard */; };
		2A6A23231BD095A800ED0706 /* Assets.xcassets in Resources */ = {isa = PBXBuildFile; fileRef = 2A6A23221BD095A800ED0706 /* Assets.xcassets */; };
		2A6A23261BD095A800ED0706 /* LaunchScreen.storyboard in Resources */ = {isa = PBXBuildFile; fileRef = 2A6A23241BD095A800ED0706 /* LaunchScreen.storyboard */; };
		2A6A232E1BD0A9AD00ED0706 /* TrackDetailViewController.swift in Sources */ = {isa = PBXBuildFile; fileRef = 2A6A232D1BD0A9AD00ED0706 /* TrackDetailViewController.swift */; settings = {ASSET_TAGS = (); }; };
		2A6A23301BD0A9EF00ED0706 /* MainTunesViewController.swift in Sources */ = {isa = PBXBuildFile; fileRef = 2A6A232F1BD0A9EF00ED0706 /* MainTunesViewController.swift */; settings = {ASSET_TAGS = (); }; };
		2A6A23321BD0AA2800ED0706 /* TuneViewCell.swift in Sources */ = {isa = PBXBuildFile; fileRef = 2A6A23311BD0AA2800ED0706 /* TuneViewCell.swift */; settings = {ASSET_TAGS = (); }; };
		2A6A23371BD2F85000ED0706 /* TabBarController.swift in Sources */ = {isa = PBXBuildFile; fileRef = 2A6A23361BD2F85000ED0706 /* TabBarController.swift */; settings = {ASSET_TAGS = (); }; };
		2A6A23391BD2FE4200ED0706 /* RecordViewController.swift in Sources */ = {isa = PBXBuildFile; fileRef = 2A6A23381BD2FE4200ED0706 /* RecordViewController.swift */; settings = {ASSET_TAGS = (); }; };
		2A6A233B1BD2FE6000ED0706 /* UserProfileViewController.swift in Sources */ = {isa = PBXBuildFile; fileRef = 2A6A233A1BD2FE6000ED0706 /* UserProfileViewController.swift */; settings = {ASSET_TAGS = (); }; };
		F102CE7A1BD243B3007281E2 /* ParseCredentials.plist in Resources */ = {isa = PBXBuildFile; fileRef = F102CE791BD243B3007281E2 /* ParseCredentials.plist */; settings = {ASSET_TAGS = (); }; };
		F102CE7C1BD243D7007281E2 /* TwitterCredentials.plist in Resources */ = {isa = PBXBuildFile; fileRef = F102CE7B1BD243D7007281E2 /* TwitterCredentials.plist */; settings = {ASSET_TAGS = (); }; };
		F102CE801BD24657007281E2 /* LoginViewController.swift in Sources */ = {isa = PBXBuildFile; fileRef = F102CE7F1BD24657007281E2 /* LoginViewController.swift */; settings = {ASSET_TAGS = (); }; };
		F1A4A2449414017605381302 /* libPods-sway.a in Frameworks */ = {isa = PBXBuildFile; fileRef = 115E2CB371C884526F352A59 /* libPods-sway.a */; };
		F1C519311BD23E2C00E57350 /* Foundation.framework in Frameworks */ = {isa = PBXBuildFile; fileRef = F1C519301BD23E2C00E57350 /* Foundation.framework */; };
		F1C519331BD23E3700E57350 /* UIKit.framework in Frameworks */ = {isa = PBXBuildFile; fileRef = F1C519321BD23E3700E57350 /* UIKit.framework */; };
		F1C519351BD23E4300E57350 /* CoreGraphics.framework in Frameworks */ = {isa = PBXBuildFile; fileRef = F1C519341BD23E4300E57350 /* CoreGraphics.framework */; };
		F1C519371BD23E4F00E57350 /* AudioToolbox.framework in Frameworks */ = {isa = PBXBuildFile; fileRef = F1C519361BD23E4F00E57350 /* AudioToolbox.framework */; };
		F1C519391BD23E5C00E57350 /* CFNetwork.framework in Frameworks */ = {isa = PBXBuildFile; fileRef = F1C519381BD23E5C00E57350 /* CFNetwork.framework */; };
		F1C5193B1BD23E6D00E57350 /* CoreLocation.framework in Frameworks */ = {isa = PBXBuildFile; fileRef = F1C5193A1BD23E6D00E57350 /* CoreLocation.framework */; };
		F1C5193D1BD23E7A00E57350 /* libz.1.1.3.tbd in Frameworks */ = {isa = PBXBuildFile; fileRef = F1C5193C1BD23E7A00E57350 /* libz.1.1.3.tbd */; };
		F1C5193F1BD23E8500E57350 /* MobileCoreServices.framework in Frameworks */ = {isa = PBXBuildFile; fileRef = F1C5193E1BD23E8500E57350 /* MobileCoreServices.framework */; };
		F1C519411BD23E9200E57350 /* QuartzCore.framework in Frameworks */ = {isa = PBXBuildFile; fileRef = F1C519401BD23E9200E57350 /* QuartzCore.framework */; };
		F1C519431BD23E9D00E57350 /* Security.framework in Frameworks */ = {isa = PBXBuildFile; fileRef = F1C519421BD23E9D00E57350 /* Security.framework */; };
		F1C519451BD23EAB00E57350 /* StoreKit.framework in Frameworks */ = {isa = PBXBuildFile; fileRef = F1C519441BD23EAA00E57350 /* StoreKit.framework */; };
		F1C519471BD23EB600E57350 /* SystemConfiguration.framework in Frameworks */ = {isa = PBXBuildFile; fileRef = F1C519461BD23EB600E57350 /* SystemConfiguration.framework */; };
		F1C519491BD23EBF00E57350 /* Accounts.framework in Frameworks */ = {isa = PBXBuildFile; fileRef = F1C519481BD23EBF00E57350 /* Accounts.framework */; };
		F1C5194B1BD23EC800E57350 /* Twitter.framework in Frameworks */ = {isa = PBXBuildFile; fileRef = F1C5194A1BD23EC800E57350 /* Twitter.framework */; };
		F1C5194D1BD23ED100E57350 /* Social.framework in Frameworks */ = {isa = PBXBuildFile; fileRef = F1C5194C1BD23ED100E57350 /* Social.framework */; };
/* End PBXBuildFile section */

/* Begin PBXFileReference section */
		115E2CB371C884526F352A59 /* libPods-sway.a */ = {isa = PBXFileReference; explicitFileType = archive.ar; includeInIndex = 0; path = "libPods-sway.a"; sourceTree = BUILT_PRODUCTS_DIR; };
		2A6A23181BD095A800ED0706 /* sway.app */ = {isa = PBXFileReference; explicitFileType = wrapper.application; includeInIndex = 0; path = sway.app; sourceTree = BUILT_PRODUCTS_DIR; };
		2A6A231B1BD095A800ED0706 /* AppDelegate.swift */ = {isa = PBXFileReference; lastKnownFileType = sourcecode.swift; path = AppDelegate.swift; sourceTree = "<group>"; };
		2A6A23201BD095A800ED0706 /* Base */ = {isa = PBXFileReference; lastKnownFileType = file.storyboard; name = Base; path = Base.lproj/Main.storyboard; sourceTree = "<group>"; };
		2A6A23221BD095A800ED0706 /* Assets.xcassets */ = {isa = PBXFileReference; lastKnownFileType = folder.assetcatalog; path = Assets.xcassets; sourceTree = "<group>"; };
		2A6A23251BD095A800ED0706 /* Base */ = {isa = PBXFileReference; lastKnownFileType = file.storyboard; name = Base; path = Base.lproj/LaunchScreen.storyboard; sourceTree = "<group>"; };
		2A6A23271BD095A800ED0706 /* Info.plist */ = {isa = PBXFileReference; lastKnownFileType = text.plist.xml; path = Info.plist; sourceTree = "<group>"; };
		2A6A232D1BD0A9AD00ED0706 /* TrackDetailViewController.swift */ = {isa = PBXFileReference; fileEncoding = 4; lastKnownFileType = sourcecode.swift; path = TrackDetailViewController.swift; sourceTree = "<group>"; };
		2A6A232F1BD0A9EF00ED0706 /* MainTunesViewController.swift */ = {isa = PBXFileReference; fileEncoding = 4; lastKnownFileType = sourcecode.swift; path = MainTunesViewController.swift; sourceTree = "<group>"; };
		2A6A23311BD0AA2800ED0706 /* TuneViewCell.swift */ = {isa = PBXFileReference; fileEncoding = 4; lastKnownFileType = sourcecode.swift; path = TuneViewCell.swift; sourceTree = "<group>"; };
		2A6A23361BD2F85000ED0706 /* TabBarController.swift */ = {isa = PBXFileReference; fileEncoding = 4; lastKnownFileType = sourcecode.swift; path = TabBarController.swift; sourceTree = "<group>"; };
		2A6A23381BD2FE4200ED0706 /* RecordViewController.swift */ = {isa = PBXFileReference; fileEncoding = 4; lastKnownFileType = sourcecode.swift; path = RecordViewController.swift; sourceTree = "<group>"; };
		2A6A233A1BD2FE6000ED0706 /* UserProfileViewController.swift */ = {isa = PBXFileReference; fileEncoding = 4; lastKnownFileType = sourcecode.swift; path = UserProfileViewController.swift; sourceTree = "<group>"; };
		9C359999855D3D2778633D8C /* Pods-sway.release.xcconfig */ = {isa = PBXFileReference; includeInIndex = 1; lastKnownFileType = text.xcconfig; name = "Pods-sway.release.xcconfig"; path = "Pods/Target Support Files/Pods-sway/Pods-sway.release.xcconfig"; sourceTree = "<group>"; };
		D58D79382ACFBC82DCA911A6 /* Pods-sway.debug.xcconfig */ = {isa = PBXFileReference; includeInIndex = 1; lastKnownFileType = text.xcconfig; name = "Pods-sway.debug.xcconfig"; path = "Pods/Target Support Files/Pods-sway/Pods-sway.debug.xcconfig"; sourceTree = "<group>"; };
		F102CE791BD243B3007281E2 /* ParseCredentials.plist */ = {isa = PBXFileReference; fileEncoding = 4; lastKnownFileType = text.plist.xml; path = ParseCredentials.plist; sourceTree = "<group>"; };
		F102CE7B1BD243D7007281E2 /* TwitterCredentials.plist */ = {isa = PBXFileReference; fileEncoding = 4; lastKnownFileType = text.plist.xml; path = TwitterCredentials.plist; sourceTree = "<group>"; };
		F102CE7F1BD24657007281E2 /* LoginViewController.swift */ = {isa = PBXFileReference; fileEncoding = 4; lastKnownFileType = sourcecode.swift; path = LoginViewController.swift; sourceTree = "<group>"; };
		F1C519301BD23E2C00E57350 /* Foundation.framework */ = {isa = PBXFileReference; lastKnownFileType = wrapper.framework; name = Foundation.framework; path = System/Library/Frameworks/Foundation.framework; sourceTree = SDKROOT; };
		F1C519321BD23E3700E57350 /* UIKit.framework */ = {isa = PBXFileReference; lastKnownFileType = wrapper.framework; name = UIKit.framework; path = System/Library/Frameworks/UIKit.framework; sourceTree = SDKROOT; };
		F1C519341BD23E4300E57350 /* CoreGraphics.framework */ = {isa = PBXFileReference; lastKnownFileType = wrapper.framework; name = CoreGraphics.framework; path = System/Library/Frameworks/CoreGraphics.framework; sourceTree = SDKROOT; };
		F1C519361BD23E4F00E57350 /* AudioToolbox.framework */ = {isa = PBXFileReference; lastKnownFileType = wrapper.framework; name = AudioToolbox.framework; path = System/Library/Frameworks/AudioToolbox.framework; sourceTree = SDKROOT; };
		F1C519381BD23E5C00E57350 /* CFNetwork.framework */ = {isa = PBXFileReference; lastKnownFileType = wrapper.framework; name = CFNetwork.framework; path = System/Library/Frameworks/CFNetwork.framework; sourceTree = SDKROOT; };
		F1C5193A1BD23E6D00E57350 /* CoreLocation.framework */ = {isa = PBXFileReference; lastKnownFileType = wrapper.framework; name = CoreLocation.framework; path = System/Library/Frameworks/CoreLocation.framework; sourceTree = SDKROOT; };
		F1C5193C1BD23E7A00E57350 /* libz.1.1.3.tbd */ = {isa = PBXFileReference; lastKnownFileType = "sourcecode.text-based-dylib-definition"; name = libz.1.1.3.tbd; path = usr/lib/libz.1.1.3.tbd; sourceTree = SDKROOT; };
		F1C5193E1BD23E8500E57350 /* MobileCoreServices.framework */ = {isa = PBXFileReference; lastKnownFileType = wrapper.framework; name = MobileCoreServices.framework; path = System/Library/Frameworks/MobileCoreServices.framework; sourceTree = SDKROOT; };
		F1C519401BD23E9200E57350 /* QuartzCore.framework */ = {isa = PBXFileReference; lastKnownFileType = wrapper.framework; name = QuartzCore.framework; path = System/Library/Frameworks/QuartzCore.framework; sourceTree = SDKROOT; };
		F1C519421BD23E9D00E57350 /* Security.framework */ = {isa = PBXFileReference; lastKnownFileType = wrapper.framework; name = Security.framework; path = System/Library/Frameworks/Security.framework; sourceTree = SDKROOT; };
		F1C519441BD23EAA00E57350 /* StoreKit.framework */ = {isa = PBXFileReference; lastKnownFileType = wrapper.framework; name = StoreKit.framework; path = System/Library/Frameworks/StoreKit.framework; sourceTree = SDKROOT; };
		F1C519461BD23EB600E57350 /* SystemConfiguration.framework */ = {isa = PBXFileReference; lastKnownFileType = wrapper.framework; name = SystemConfiguration.framework; path = System/Library/Frameworks/SystemConfiguration.framework; sourceTree = SDKROOT; };
		F1C519481BD23EBF00E57350 /* Accounts.framework */ = {isa = PBXFileReference; lastKnownFileType = wrapper.framework; name = Accounts.framework; path = System/Library/Frameworks/Accounts.framework; sourceTree = SDKROOT; };
		F1C5194A1BD23EC800E57350 /* Twitter.framework */ = {isa = PBXFileReference; lastKnownFileType = wrapper.framework; name = Twitter.framework; path = System/Library/Frameworks/Twitter.framework; sourceTree = SDKROOT; };
		F1C5194C1BD23ED100E57350 /* Social.framework */ = {isa = PBXFileReference; lastKnownFileType = wrapper.framework; name = Social.framework; path = System/Library/Frameworks/Social.framework; sourceTree = SDKROOT; };
		F1C5194E1BD23F0A00E57350 /* sway-Bridging-Header.h */ = {isa = PBXFileReference; lastKnownFileType = sourcecode.c.h; path = "sway-Bridging-Header.h"; sourceTree = "<group>"; };
/* End PBXFileReference section */

/* Begin PBXFrameworksBuildPhase section */
		2A6A23151BD095A800ED0706 /* Frameworks */ = {
			isa = PBXFrameworksBuildPhase;
			buildActionMask = 2147483647;
			files = (
				F1C5194D1BD23ED100E57350 /* Social.framework in Frameworks */,
				F1C5194B1BD23EC800E57350 /* Twitter.framework in Frameworks */,
				F1C519491BD23EBF00E57350 /* Accounts.framework in Frameworks */,
				F1C519471BD23EB600E57350 /* SystemConfiguration.framework in Frameworks */,
				F1C519451BD23EAB00E57350 /* StoreKit.framework in Frameworks */,
				F1C519431BD23E9D00E57350 /* Security.framework in Frameworks */,
				F1C519411BD23E9200E57350 /* QuartzCore.framework in Frameworks */,
				F1C5193F1BD23E8500E57350 /* MobileCoreServices.framework in Frameworks */,
				F1C5193D1BD23E7A00E57350 /* libz.1.1.3.tbd in Frameworks */,
				F1C5193B1BD23E6D00E57350 /* CoreLocation.framework in Frameworks */,
				F1C519391BD23E5C00E57350 /* CFNetwork.framework in Frameworks */,
				F1C519371BD23E4F00E57350 /* AudioToolbox.framework in Frameworks */,
				F1C519351BD23E4300E57350 /* CoreGraphics.framework in Frameworks */,
				F1C519331BD23E3700E57350 /* UIKit.framework in Frameworks */,
				F1C519311BD23E2C00E57350 /* Foundation.framework in Frameworks */,
				F1A4A2449414017605381302 /* libPods-sway.a in Frameworks */,
			);
			runOnlyForDeploymentPostprocessing = 0;
		};
/* End PBXFrameworksBuildPhase section */

/* Begin PBXGroup section */
		2A6A230F1BD095A800ED0706 = {
			isa = PBXGroup;
			children = (
				2A6A231A1BD095A800ED0706 /* sway */,
				2A6A23191BD095A800ED0706 /* Products */,
				BF51D6C470F0C48EA6514EC4 /* Pods */,
				BDDB45E9C310587ED9CED011 /* Frameworks */,
			);
			sourceTree = "<group>";
		};
		2A6A23191BD095A800ED0706 /* Products */ = {
			isa = PBXGroup;
			children = (
				2A6A23181BD095A800ED0706 /* sway.app */,
			);
			name = Products;
			sourceTree = "<group>";
		};
		2A6A231A1BD095A800ED0706 /* sway */ = {
			isa = PBXGroup;
			children = (
				2A6A233D1BD3159400ED0706 /* API */,
				2A6A233C1BD3158F00ED0706 /* Models */,
				F102CE7E1BD2462F007281E2 /* Views */,
				F102CE7D1BD245DD007281E2 /* ViewControllers */,
				2A6A231B1BD095A800ED0706 /* AppDelegate.swift */,
				2A6A231F1BD095A800ED0706 /* Main.storyboard */,
				2A6A23221BD095A800ED0706 /* Assets.xcassets */,
				2A6A23241BD095A800ED0706 /* LaunchScreen.storyboard */,
				2A6A23271BD095A800ED0706 /* Info.plist */,
				F1C5194E1BD23F0A00E57350 /* sway-Bridging-Header.h */,
				F102CE791BD243B3007281E2 /* ParseCredentials.plist */,
				F102CE7B1BD243D7007281E2 /* TwitterCredentials.plist */,
			);
			path = sway;
			sourceTree = "<group>";
		};
		2A6A233C1BD3158F00ED0706 /* Models */ = {
			isa = PBXGroup;
			children = (
			);
			name = Models;
			sourceTree = "<group>";
		};
		2A6A233D1BD3159400ED0706 /* API */ = {
			isa = PBXGroup;
			children = (
			);
			name = API;
			sourceTree = "<group>";
		};
		BDDB45E9C310587ED9CED011 /* Frameworks */ = {
			isa = PBXGroup;
			children = (
				F1C5194C1BD23ED100E57350 /* Social.framework */,
				F1C5194A1BD23EC800E57350 /* Twitter.framework */,
				F1C519481BD23EBF00E57350 /* Accounts.framework */,
				F1C519461BD23EB600E57350 /* SystemConfiguration.framework */,
				F1C519441BD23EAA00E57350 /* StoreKit.framework */,
				F1C519421BD23E9D00E57350 /* Security.framework */,
				F1C519401BD23E9200E57350 /* QuartzCore.framework */,
				F1C5193E1BD23E8500E57350 /* MobileCoreServices.framework */,
				F1C5193C1BD23E7A00E57350 /* libz.1.1.3.tbd */,
				F1C5193A1BD23E6D00E57350 /* CoreLocation.framework */,
				F1C519381BD23E5C00E57350 /* CFNetwork.framework */,
				F1C519361BD23E4F00E57350 /* AudioToolbox.framework */,
				F1C519341BD23E4300E57350 /* CoreGraphics.framework */,
				F1C519321BD23E3700E57350 /* UIKit.framework */,
				F1C519301BD23E2C00E57350 /* Foundation.framework */,
				115E2CB371C884526F352A59 /* libPods-sway.a */,
			);
			name = Frameworks;
			sourceTree = "<group>";
		};
		BF51D6C470F0C48EA6514EC4 /* Pods */ = {
			isa = PBXGroup;
			children = (
				D58D79382ACFBC82DCA911A6 /* Pods-sway.debug.xcconfig */,
				9C359999855D3D2778633D8C /* Pods-sway.release.xcconfig */,
			);
			name = Pods;
			sourceTree = "<group>";
		};
		F102CE7D1BD245DD007281E2 /* ViewControllers */ = {
			isa = PBXGroup;
			children = (
				2A6A232D1BD0A9AD00ED0706 /* TrackDetailViewController.swift */,
				2A6A23381BD2FE4200ED0706 /* RecordViewController.swift */,
				2A6A232F1BD0A9EF00ED0706 /* MainTunesViewController.swift */,
				F102CE7F1BD24657007281E2 /* LoginViewController.swift */,
				2A6A233A1BD2FE6000ED0706 /* UserProfileViewController.swift */,
				2A6A23361BD2F85000ED0706 /* TabBarController.swift */,
			);
			name = ViewControllers;
			sourceTree = "<group>";
		};
		F102CE7E1BD2462F007281E2 /* Views */ = {
			isa = PBXGroup;
			children = (
				2A6A23311BD0AA2800ED0706 /* TuneViewCell.swift */,
			);
			name = Views;
			sourceTree = "<group>";
		};
/* End PBXGroup section */

/* Begin PBXNativeTarget section */
		2A6A23171BD095A800ED0706 /* sway */ = {
			isa = PBXNativeTarget;
			buildConfigurationList = 2A6A232A1BD095A800ED0706 /* Build configuration list for PBXNativeTarget "sway" */;
			buildPhases = (
				970AA5E000E96A5AC9D4C1B8 /* Check Pods Manifest.lock */,
				2A6A23141BD095A800ED0706 /* Sources */,
				2A6A23151BD095A800ED0706 /* Frameworks */,
				2A6A23161BD095A800ED0706 /* Resources */,
				D17F01014BB6EEA6902A8DE6 /* Copy Pods Resources */,
			);
			buildRules = (
			);
			dependencies = (
			);
			name = sway;
			productName = sway;
			productReference = 2A6A23181BD095A800ED0706 /* sway.app */;
			productType = "com.apple.product-type.application";
		};
/* End PBXNativeTarget section */

/* Begin PBXProject section */
		2A6A23101BD095A800ED0706 /* Project object */ = {
			isa = PBXProject;
			attributes = {
				KnownAssetTags = (
					New,
				);
				LastSwiftUpdateCheck = 0700;
				LastUpgradeCheck = 0700;
				ORGANIZATIONNAME = VCH;
				TargetAttributes = {
					2A6A23171BD095A800ED0706 = {
						CreatedOnToolsVersion = 7.0;
					};
				};
			};
			buildConfigurationList = 2A6A23131BD095A800ED0706 /* Build configuration list for PBXProject "sway" */;
			compatibilityVersion = "Xcode 3.2";
			developmentRegion = English;
			hasScannedForEncodings = 0;
			knownRegions = (
				en,
				Base,
			);
			mainGroup = 2A6A230F1BD095A800ED0706;
			productRefGroup = 2A6A23191BD095A800ED0706 /* Products */;
			projectDirPath = "";
			projectRoot = "";
			targets = (
				2A6A23171BD095A800ED0706 /* sway */,
			);
		};
/* End PBXProject section */

/* Begin PBXResourcesBuildPhase section */
		2A6A23161BD095A800ED0706 /* Resources */ = {
			isa = PBXResourcesBuildPhase;
			buildActionMask = 2147483647;
			files = (
				2A6A23261BD095A800ED0706 /* LaunchScreen.storyboard in Resources */,
				F102CE7C1BD243D7007281E2 /* TwitterCredentials.plist in Resources */,
				F102CE7A1BD243B3007281E2 /* ParseCredentials.plist in Resources */,
				2A6A23231BD095A800ED0706 /* Assets.xcassets in Resources */,
				2A6A23211BD095A800ED0706 /* Main.storyboard in Resources */,
			);
			runOnlyForDeploymentPostprocessing = 0;
		};
/* End PBXResourcesBuildPhase section */

/* Begin PBXShellScriptBuildPhase section */
		970AA5E000E96A5AC9D4C1B8 /* Check Pods Manifest.lock */ = {
			isa = PBXShellScriptBuildPhase;
			buildActionMask = 2147483647;
			files = (
			);
			inputPaths = (
			);
			name = "Check Pods Manifest.lock";
			outputPaths = (
			);
			runOnlyForDeploymentPostprocessing = 0;
			shellPath = /bin/sh;
			shellScript = "diff \"${PODS_ROOT}/../Podfile.lock\" \"${PODS_ROOT}/Manifest.lock\" > /dev/null\nif [[ $? != 0 ]] ; then\n    cat << EOM\nerror: The sandbox is not in sync with the Podfile.lock. Run 'pod install' or update your CocoaPods installation.\nEOM\n    exit 1\nfi\n";
			showEnvVarsInLog = 0;
		};
		D17F01014BB6EEA6902A8DE6 /* Copy Pods Resources */ = {
			isa = PBXShellScriptBuildPhase;
			buildActionMask = 2147483647;
			files = (
			);
			inputPaths = (
			);
			name = "Copy Pods Resources";
			outputPaths = (
			);
			runOnlyForDeploymentPostprocessing = 0;
			shellPath = /bin/sh;
			shellScript = "\"${SRCROOT}/Pods/Target Support Files/Pods-sway/Pods-sway-resources.sh\"\n";
			showEnvVarsInLog = 0;
		};
/* End PBXShellScriptBuildPhase section */

/* Begin PBXSourcesBuildPhase section */
		2A6A23141BD095A800ED0706 /* Sources */ = {
			isa = PBXSourcesBuildPhase;
			buildActionMask = 2147483647;
			files = (
				2A6A231C1BD095A800ED0706 /* AppDelegate.swift in Sources */,
				2A6A233B1BD2FE6000ED0706 /* UserProfileViewController.swift in Sources */,
				2A6A232E1BD0A9AD00ED0706 /* TrackDetailViewController.swift in Sources */,
				2A6A23321BD0AA2800ED0706 /* TuneViewCell.swift in Sources */,
				2A6A23391BD2FE4200ED0706 /* RecordViewController.swift in Sources */,
				2A6A23371BD2F85000ED0706 /* TabBarController.swift in Sources */,
				F102CE801BD24657007281E2 /* LoginViewController.swift in Sources */,
				2A6A23301BD0A9EF00ED0706 /* MainTunesViewController.swift in Sources */,
			);
			runOnlyForDeploymentPostprocessing = 0;
		};
/* End PBXSourcesBuildPhase section */

/* Begin PBXVariantGroup section */
		2A6A231F1BD095A800ED0706 /* Main.storyboard */ = {
			isa = PBXVariantGroup;
			children = (
				2A6A23201BD095A800ED0706 /* Base */,
			);
			name = Main.storyboard;
			sourceTree = "<group>";
		};
		2A6A23241BD095A800ED0706 /* LaunchScreen.storyboard */ = {
			isa = PBXVariantGroup;
			children = (
				2A6A23251BD095A800ED0706 /* Base */,
			);
			name = LaunchScreen.storyboard;
			sourceTree = "<group>";
		};
/* End PBXVariantGroup section */

/* Begin XCBuildConfiguration section */
		2A6A23281BD095A800ED0706 /* Debug */ = {
			isa = XCBuildConfiguration;
			buildSettings = {
				ALWAYS_SEARCH_USER_PATHS = NO;
				CLANG_CXX_LANGUAGE_STANDARD = "gnu++0x";
				CLANG_CXX_LIBRARY = "libc++";
				CLANG_ENABLE_MODULES = YES;
				CLANG_ENABLE_OBJC_ARC = YES;
				CLANG_WARN_BOOL_CONVERSION = YES;
				CLANG_WARN_CONSTANT_CONVERSION = YES;
				CLANG_WARN_DIRECT_OBJC_ISA_USAGE = YES_ERROR;
				CLANG_WARN_EMPTY_BODY = YES;
				CLANG_WARN_ENUM_CONVERSION = YES;
				CLANG_WARN_INT_CONVERSION = YES;
				CLANG_WARN_OBJC_ROOT_CLASS = YES_ERROR;
				CLANG_WARN_UNREACHABLE_CODE = YES;
				CLANG_WARN__DUPLICATE_METHOD_MATCH = YES;
				"CODE_SIGN_IDENTITY[sdk=iphoneos*]" = "iPhone Developer";
				COPY_PHASE_STRIP = NO;
				DEBUG_INFORMATION_FORMAT = dwarf;
				ENABLE_STRICT_OBJC_MSGSEND = YES;
				ENABLE_TESTABILITY = YES;
				GCC_C_LANGUAGE_STANDARD = gnu99;
				GCC_DYNAMIC_NO_PIC = NO;
				GCC_NO_COMMON_BLOCKS = YES;
				GCC_OPTIMIZATION_LEVEL = 0;
				GCC_PREPROCESSOR_DEFINITIONS = (
					"DEBUG=1",
					"$(inherited)",
				);
				GCC_WARN_64_TO_32_BIT_CONVERSION = YES;
				GCC_WARN_ABOUT_RETURN_TYPE = YES_ERROR;
				GCC_WARN_UNDECLARED_SELECTOR = YES;
				GCC_WARN_UNINITIALIZED_AUTOS = YES_AGGRESSIVE;
				GCC_WARN_UNUSED_FUNCTION = YES;
				GCC_WARN_UNUSED_VARIABLE = YES;
				IPHONEOS_DEPLOYMENT_TARGET = 9.0;
				MTL_ENABLE_DEBUG_INFO = YES;
				ONLY_ACTIVE_ARCH = YES;
				SDKROOT = iphoneos;
				SWIFT_OPTIMIZATION_LEVEL = "-Onone";
			};
			name = Debug;
		};
		2A6A23291BD095A800ED0706 /* Release */ = {
			isa = XCBuildConfiguration;
			buildSettings = {
				ALWAYS_SEARCH_USER_PATHS = NO;
				CLANG_CXX_LANGUAGE_STANDARD = "gnu++0x";
				CLANG_CXX_LIBRARY = "libc++";
				CLANG_ENABLE_MODULES = YES;
				CLANG_ENABLE_OBJC_ARC = YES;
				CLANG_WARN_BOOL_CONVERSION = YES;
				CLANG_WARN_CONSTANT_CONVERSION = YES;
				CLANG_WARN_DIRECT_OBJC_ISA_USAGE = YES_ERROR;
				CLANG_WARN_EMPTY_BODY = YES;
				CLANG_WARN_ENUM_CONVERSION = YES;
				CLANG_WARN_INT_CONVERSION = YES;
				CLANG_WARN_OBJC_ROOT_CLASS = YES_ERROR;
				CLANG_WARN_UNREACHABLE_CODE = YES;
				CLANG_WARN__DUPLICATE_METHOD_MATCH = YES;
				"CODE_SIGN_IDENTITY[sdk=iphoneos*]" = "iPhone Developer";
				COPY_PHASE_STRIP = NO;
				DEBUG_INFORMATION_FORMAT = "dwarf-with-dsym";
				ENABLE_NS_ASSERTIONS = NO;
				ENABLE_STRICT_OBJC_MSGSEND = YES;
				GCC_C_LANGUAGE_STANDARD = gnu99;
				GCC_NO_COMMON_BLOCKS = YES;
				GCC_WARN_64_TO_32_BIT_CONVERSION = YES;
				GCC_WARN_ABOUT_RETURN_TYPE = YES_ERROR;
				GCC_WARN_UNDECLARED_SELECTOR = YES;
				GCC_WARN_UNINITIALIZED_AUTOS = YES_AGGRESSIVE;
				GCC_WARN_UNUSED_FUNCTION = YES;
				GCC_WARN_UNUSED_VARIABLE = YES;
				IPHONEOS_DEPLOYMENT_TARGET = 9.0;
				MTL_ENABLE_DEBUG_INFO = NO;
				SDKROOT = iphoneos;
				VALIDATE_PRODUCT = YES;
			};
			name = Release;
		};
		2A6A232B1BD095A800ED0706 /* Debug */ = {
			isa = XCBuildConfiguration;
			baseConfigurationReference = D58D79382ACFBC82DCA911A6 /* Pods-sway.debug.xcconfig */;
			buildSettings = {
				ASSETCATALOG_COMPILER_APPICON_NAME = AppIcon;
				CLANG_ENABLE_MODULES = YES;
				INFOPLIST_FILE = sway/Info.plist;
				LD_RUNPATH_SEARCH_PATHS = "$(inherited) @executable_path/Frameworks";
				PRODUCT_BUNDLE_IDENTIFIER = vch.sway;
				PRODUCT_NAME = "$(TARGET_NAME)";
				SWIFT_OBJC_BRIDGING_HEADER = "sway/sway-Bridging-Header.h";
				SWIFT_OPTIMIZATION_LEVEL = "-Onone";
			};
			name = Debug;
		};
		2A6A232C1BD095A800ED0706 /* Release */ = {
			isa = XCBuildConfiguration;
			baseConfigurationReference = 9C359999855D3D2778633D8C /* Pods-sway.release.xcconfig */;
			buildSettings = {
				ASSETCATALOG_COMPILER_APPICON_NAME = AppIcon;
				CLANG_ENABLE_MODULES = YES;
				INFOPLIST_FILE = sway/Info.plist;
				LD_RUNPATH_SEARCH_PATHS = "$(inherited) @executable_path/Frameworks";
				PRODUCT_BUNDLE_IDENTIFIER = vch.sway;
				PRODUCT_NAME = "$(TARGET_NAME)";
				SWIFT_OBJC_BRIDGING_HEADER = "sway/sway-Bridging-Header.h";
			};
			name = Release;
		};
/* End XCBuildConfiguration section */

/* Begin XCConfigurationList section */
		2A6A23131BD095A800ED0706 /* Build configuration list for PBXProject "sway" */ = {
			isa = XCConfigurationList;
			buildConfigurations = (
				2A6A23281BD095A800ED0706 /* Debug */,
				2A6A23291BD095A800ED0706 /* Release */,
			);
			defaultConfigurationIsVisible = 0;
			defaultConfigurationName = Release;
		};
		2A6A232A1BD095A800ED0706 /* Build configuration list for PBXNativeTarget "sway" */ = {
			isa = XCConfigurationList;
			buildConfigurations = (
				2A6A232B1BD095A800ED0706 /* Debug */,
				2A6A232C1BD095A800ED0706 /* Release */,
			);
			defaultConfigurationIsVisible = 0;
			defaultConfigurationName = Release;
		};
/* End XCConfigurationList section */
	};
	rootObject = 2A6A23101BD095A800ED0706 /* Project object */;
}
